// !$*UTF8*$!
{
	archiveVersion = 1;
	classes = {
	};
	objectVersion = 46;
	objects = {

/* Begin PBXBuildFile section */
		C71095BB1F1595EB00A3D59F /* Mountain.framework in Frameworks */ = {isa = PBXBuildFile; fileRef = C71095BA1F1595EB00A3D59F /* Mountain.framework */; };
		C71095BC1F1595EB00A3D59F /* Mountain.framework in Embed Frameworks */ = {isa = PBXBuildFile; fileRef = C71095BA1F1595EB00A3D59F /* Mountain.framework */; settings = {ATTRIBUTES = (CodeSignOnCopy, RemoveHeadersOnCopy, ); }; };
		C721ACCF1F1451260098376A /* MountainView.framework in Frameworks */ = {isa = PBXBuildFile; fileRef = C721ACCA1F1450540098376A /* MountainView.framework */; };
		C721ACD01F1451260098376A /* MountainView.framework in Embed Frameworks */ = {isa = PBXBuildFile; fileRef = C721ACCA1F1450540098376A /* MountainView.framework */; settings = {ATTRIBUTES = (CodeSignOnCopy, RemoveHeadersOnCopy, ); }; };
		C7EDA0D41E1C26C300E10A94 /* AppDelegate.swift in Sources */ = {isa = PBXBuildFile; fileRef = C7EDA0D31E1C26C300E10A94 /* AppDelegate.swift */; };
		C7EDA0D61E1C26C300E10A94 /* ViewController.swift in Sources */ = {isa = PBXBuildFile; fileRef = C7EDA0D51E1C26C300E10A94 /* ViewController.swift */; };
		C7EDA0D91E1C26C300E10A94 /* Main.storyboard in Resources */ = {isa = PBXBuildFile; fileRef = C7EDA0D71E1C26C300E10A94 /* Main.storyboard */; };
		C7EDA0DB1E1C26C300E10A94 /* Assets.xcassets in Resources */ = {isa = PBXBuildFile; fileRef = C7EDA0DA1E1C26C300E10A94 /* Assets.xcassets */; };
		C7EDA0DE1E1C26C300E10A94 /* LaunchScreen.storyboard in Resources */ = {isa = PBXBuildFile; fileRef = C7EDA0DC1E1C26C300E10A94 /* LaunchScreen.storyboard */; };
		C7EDA1041E1C2BC900E10A94 /* Storyboard.swift in Sources */ = {isa = PBXBuildFile; fileRef = C7EDA1031E1C2BC900E10A94 /* Storyboard.swift */; };
		C7EDA1061E1C2CFE00E10A94 /* NavigationController.swift in Sources */ = {isa = PBXBuildFile; fileRef = C7EDA1051E1C2CFE00E10A94 /* NavigationController.swift */; };
		C7EDA1091E1C30FB00E10A94 /* MountainViewController.swift in Sources */ = {isa = PBXBuildFile; fileRef = C7EDA1081E1C30FB00E10A94 /* MountainViewController.swift */; };
/* End PBXBuildFile section */

/* Begin PBXContainerItemProxy section */
		C721ACC91F1450540098376A /* PBXContainerItemProxy */ = {
			isa = PBXContainerItemProxy;
			containerPortal = C721ACC41F1450540098376A /* MountainView.xcodeproj */;
			proxyType = 2;
			remoteGlobalIDString = C7B4278A1DF45CCD008A27BD;
			remoteInfo = MountainView;
		};
		C721ACD11F1451260098376A /* PBXContainerItemProxy */ = {
			isa = PBXContainerItemProxy;
			containerPortal = C721ACC41F1450540098376A /* MountainView.xcodeproj */;
			proxyType = 1;
			remoteGlobalIDString = C7B427891DF45CCD008A27BD;
			remoteInfo = MountainView;
		};
/* End PBXContainerItemProxy section */

/* Begin PBXCopyFilesBuildPhase section */
		C721ACD31F1451260098376A /* Embed Frameworks */ = {
			isa = PBXCopyFilesBuildPhase;
			buildActionMask = 2147483647;
			dstPath = "";
			dstSubfolderSpec = 10;
			files = (
				C721ACD01F1451260098376A /* MountainView.framework in Embed Frameworks */,
				C71095BC1F1595EB00A3D59F /* Mountain.framework in Embed Frameworks */,
			);
			name = "Embed Frameworks";
			runOnlyForDeploymentPostprocessing = 0;
		};
/* End PBXCopyFilesBuildPhase section */

/* Begin PBXFileReference section */
		C71095BA1F1595EB00A3D59F /* Mountain.framework */ = {isa = PBXFileReference; explicitFileType = wrapper.framework; path = Mountain.framework; sourceTree = BUILT_PRODUCTS_DIR; };
		C721ACC41F1450540098376A /* MountainView.xcodeproj */ = {isa = PBXFileReference; lastKnownFileType = "wrapper.pb-project"; name = MountainView.xcodeproj; path = ../MountainView.xcodeproj; sourceTree = "<group>"; };
		C7EDA0D01E1C26C300E10A94 /* MountainViewExample.app */ = {isa = PBXFileReference; explicitFileType = wrapper.application; includeInIndex = 0; path = MountainViewExample.app; sourceTree = BUILT_PRODUCTS_DIR; };
		C7EDA0D31E1C26C300E10A94 /* AppDelegate.swift */ = {isa = PBXFileReference; lastKnownFileType = sourcecode.swift; path = AppDelegate.swift; sourceTree = "<group>"; };
		C7EDA0D51E1C26C300E10A94 /* ViewController.swift */ = {isa = PBXFileReference; lastKnownFileType = sourcecode.swift; path = ViewController.swift; sourceTree = "<group>"; };
		C7EDA0D81E1C26C300E10A94 /* Base */ = {isa = PBXFileReference; lastKnownFileType = file.storyboard; name = Base; path = Base.lproj/Main.storyboard; sourceTree = "<group>"; };
		C7EDA0DA1E1C26C300E10A94 /* Assets.xcassets */ = {isa = PBXFileReference; lastKnownFileType = folder.assetcatalog; path = Assets.xcassets; sourceTree = "<group>"; };
		C7EDA0DD1E1C26C300E10A94 /* Base */ = {isa = PBXFileReference; lastKnownFileType = file.storyboard; name = Base; path = Base.lproj/LaunchScreen.storyboard; sourceTree = "<group>"; };
		C7EDA0DF1E1C26C300E10A94 /* Info.plist */ = {isa = PBXFileReference; lastKnownFileType = text.plist.xml; path = Info.plist; sourceTree = "<group>"; };
		C7EDA1031E1C2BC900E10A94 /* Storyboard.swift */ = {isa = PBXFileReference; fileEncoding = 4; lastKnownFileType = sourcecode.swift; path = Storyboard.swift; sourceTree = "<group>"; };
		C7EDA1051E1C2CFE00E10A94 /* NavigationController.swift */ = {isa = PBXFileReference; fileEncoding = 4; lastKnownFileType = sourcecode.swift; path = NavigationController.swift; sourceTree = "<group>"; };
		C7EDA1081E1C30FB00E10A94 /* MountainViewController.swift */ = {isa = PBXFileReference; fileEncoding = 4; lastKnownFileType = sourcecode.swift; path = MountainViewController.swift; sourceTree = "<group>"; };
/* End PBXFileReference section */

/* Begin PBXFrameworksBuildPhase section */
		C7EDA0CD1E1C26C300E10A94 /* Frameworks */ = {
			isa = PBXFrameworksBuildPhase;
			buildActionMask = 2147483647;
			files = (
				C721ACCF1F1451260098376A /* MountainView.framework in Frameworks */,
				C71095BB1F1595EB00A3D59F /* Mountain.framework in Frameworks */,
			);
			runOnlyForDeploymentPostprocessing = 0;
		};
/* End PBXFrameworksBuildPhase section */

/* Begin PBXGroup section */
		C721ACC51F1450540098376A /* Products */ = {
			isa = PBXGroup;
			children = (
				C721ACCA1F1450540098376A /* MountainView.framework */,
			);
			name = Products;
			sourceTree = "<group>";
		};
		C7EDA0C71E1C26C300E10A94 = {
			isa = PBXGroup;
			children = (
				C721ACC41F1450540098376A /* MountainView.xcodeproj */,
				C7EDA0D21E1C26C300E10A94 /* MountainViewExample */,
				C7EDA0D11E1C26C300E10A94 /* Products */,
				C7EDA0FA1E1C27DB00E10A94 /* Frameworks */,
			);
			sourceTree = "<group>";
		};
		C7EDA0D11E1C26C300E10A94 /* Products */ = {
			isa = PBXGroup;
			children = (
				C7EDA0D01E1C26C300E10A94 /* MountainViewExample.app */,
			);
			name = Products;
			sourceTree = "<group>";
		};
		C7EDA0D21E1C26C300E10A94 /* MountainViewExample */ = {
			isa = PBXGroup;
			children = (
				C7EDA0D31E1C26C300E10A94 /* AppDelegate.swift */,
				C7EDA0D51E1C26C300E10A94 /* ViewController.swift */,
				C7EDA0D71E1C26C300E10A94 /* Main.storyboard */,
				C7EDA1081E1C30FB00E10A94 /* MountainViewController.swift */,
				C7EDA1051E1C2CFE00E10A94 /* NavigationController.swift */,
				C7EDA1031E1C2BC900E10A94 /* Storyboard.swift */,
				C7EDA0DA1E1C26C300E10A94 /* Assets.xcassets */,
				C7EDA0DC1E1C26C300E10A94 /* LaunchScreen.storyboard */,
				C7EDA0DF1E1C26C300E10A94 /* Info.plist */,
			);
			path = MountainViewExample;
			sourceTree = "<group>";
		};
		C7EDA0FA1E1C27DB00E10A94 /* Frameworks */ = {
			isa = PBXGroup;
			children = (
				C71095BA1F1595EB00A3D59F /* Mountain.framework */,
			);
			name = Frameworks;
			sourceTree = "<group>";
		};
/* End PBXGroup section */

/* Begin PBXNativeTarget section */
		C7EDA0CF1E1C26C300E10A94 /* MountainViewExample */ = {
			isa = PBXNativeTarget;
			buildConfigurationList = C7EDA0E21E1C26C300E10A94 /* Build configuration list for PBXNativeTarget "MountainViewExample" */;
			buildPhases = (
				C7EDA0CC1E1C26C300E10A94 /* Sources */,
				C7EDA0CD1E1C26C300E10A94 /* Frameworks */,
				C7EDA0CE1E1C26C300E10A94 /* Resources */,
				C721ACD31F1451260098376A /* Embed Frameworks */,
			);
			buildRules = (
			);
			dependencies = (
				C721ACD21F1451260098376A /* PBXTargetDependency */,
			);
			name = MountainViewExample;
			productName = MountainsViewExample;
			productReference = C7EDA0D01E1C26C300E10A94 /* MountainViewExample.app */;
			productType = "com.apple.product-type.application";
		};
/* End PBXNativeTarget section */

/* Begin PBXProject section */
		C7EDA0C81E1C26C300E10A94 /* Project object */ = {
			isa = PBXProject;
			attributes = {
				LastSwiftUpdateCheck = 0820;
				LastUpgradeCheck = 0820;
				ORGANIZATIONNAME = "Kyohei Ito";
				TargetAttributes = {
					C7EDA0CF1E1C26C300E10A94 = {
						CreatedOnToolsVersion = 8.2.1;
						DevelopmentTeam = MX36A76L68;
						LastSwiftMigration = 1000;
						ProvisioningStyle = Automatic;
					};
				};
			};
			buildConfigurationList = C7EDA0CB1E1C26C300E10A94 /* Build configuration list for PBXProject "MountainViewExample" */;
			compatibilityVersion = "Xcode 3.2";
			developmentRegion = English;
			hasScannedForEncodings = 0;
			knownRegions = (
				en,
				Base,
			);
			mainGroup = C7EDA0C71E1C26C300E10A94;
			productRefGroup = C7EDA0D11E1C26C300E10A94 /* Products */;
			projectDirPath = "";
			projectReferences = (
				{
					ProductGroup = C721ACC51F1450540098376A /* Products */;
					ProjectRef = C721ACC41F1450540098376A /* MountainView.xcodeproj */;
				},
			);
			projectRoot = "";
			targets = (
				C7EDA0CF1E1C26C300E10A94 /* MountainViewExample */,
			);
		};
/* End PBXProject section */

/* Begin PBXReferenceProxy section */
		C721ACCA1F1450540098376A /* MountainView.framework */ = {
			isa = PBXReferenceProxy;
			fileType = wrapper.framework;
			path = MountainView.framework;
			remoteRef = C721ACC91F1450540098376A /* PBXContainerItemProxy */;
			sourceTree = BUILT_PRODUCTS_DIR;
		};
/* End PBXReferenceProxy section */

/* Begin PBXResourcesBuildPhase section */
		C7EDA0CE1E1C26C300E10A94 /* Resources */ = {
			isa = PBXResourcesBuildPhase;
			buildActionMask = 2147483647;
			files = (
				C7EDA0DE1E1C26C300E10A94 /* LaunchScreen.storyboard in Resources */,
				C7EDA0DB1E1C26C300E10A94 /* Assets.xcassets in Resources */,
				C7EDA0D91E1C26C300E10A94 /* Main.storyboard in Resources */,
			);
			runOnlyForDeploymentPostprocessing = 0;
		};
/* End PBXResourcesBuildPhase section */

/* Begin PBXSourcesBuildPhase section */
		C7EDA0CC1E1C26C300E10A94 /* Sources */ = {
			isa = PBXSourcesBuildPhase;
			buildActionMask = 2147483647;
			files = (
				C7EDA0D61E1C26C300E10A94 /* ViewController.swift in Sources */,
				C7EDA1061E1C2CFE00E10A94 /* NavigationController.swift in Sources */,
				C7EDA1041E1C2BC900E10A94 /* Storyboard.swift in Sources */,
				C7EDA0D41E1C26C300E10A94 /* AppDelegate.swift in Sources */,
				C7EDA1091E1C30FB00E10A94 /* MountainViewController.swift in Sources */,
			);
			runOnlyForDeploymentPostprocessing = 0;
		};
/* End PBXSourcesBuildPhase section */

/* Begin PBXTargetDependency section */
		C721ACD21F1451260098376A /* PBXTargetDependency */ = {
			isa = PBXTargetDependency;
			name = MountainView;
			targetProxy = C721ACD11F1451260098376A /* PBXContainerItemProxy */;
		};
/* End PBXTargetDependency section */

/* Begin PBXVariantGroup section */
		C7EDA0D71E1C26C300E10A94 /* Main.storyboard */ = {
			isa = PBXVariantGroup;
			children = (
				C7EDA0D81E1C26C300E10A94 /* Base */,
			);
			name = Main.storyboard;
			sourceTree = "<group>";
		};
		C7EDA0DC1E1C26C300E10A94 /* LaunchScreen.storyboard */ = {
			isa = PBXVariantGroup;
			children = (
				C7EDA0DD1E1C26C300E10A94 /* Base */,
			);
			name = LaunchScreen.storyboard;
			sourceTree = "<group>";
		};
/* End PBXVariantGroup section */

/* Begin XCBuildConfiguration section */
		C7EDA0E01E1C26C300E10A94 /* Debug */ = {
			isa = XCBuildConfiguration;
			buildSettings = {
				ALWAYS_SEARCH_USER_PATHS = NO;
				CLANG_ANALYZER_NONNULL = YES;
				CLANG_CXX_LANGUAGE_STANDARD = "gnu++0x";
				CLANG_CXX_LIBRARY = "libc++";
				CLANG_ENABLE_MODULES = YES;
				CLANG_ENABLE_OBJC_ARC = YES;
				CLANG_WARN_BOOL_CONVERSION = YES;
				CLANG_WARN_CONSTANT_CONVERSION = YES;
				CLANG_WARN_DIRECT_OBJC_ISA_USAGE = YES_ERROR;
				CLANG_WARN_DOCUMENTATION_COMMENTS = YES;
				CLANG_WARN_EMPTY_BODY = YES;
				CLANG_WARN_ENUM_CONVERSION = YES;
				CLANG_WARN_INFINITE_RECURSION = YES;
				CLANG_WARN_INT_CONVERSION = YES;
				CLANG_WARN_OBJC_ROOT_CLASS = YES_ERROR;
				CLANG_WARN_SUSPICIOUS_MOVE = YES;
				CLANG_WARN_UNREACHABLE_CODE = YES;
				CLANG_WARN__DUPLICATE_METHOD_MATCH = YES;
				"CODE_SIGN_IDENTITY[sdk=iphoneos*]" = "iPhone Developer";
				COPY_PHASE_STRIP = NO;
				DEBUG_INFORMATION_FORMAT = dwarf;
				ENABLE_STRICT_OBJC_MSGSEND = YES;
				ENABLE_TESTABILITY = YES;
				GCC_C_LANGUAGE_STANDARD = gnu99;
				GCC_DYNAMIC_NO_PIC = NO;
				GCC_NO_COMMON_BLOCKS = YES;
				GCC_OPTIMIZATION_LEVEL = 0;
				GCC_PREPROCESSOR_DEFINITIONS = (
					"DEBUG=1",
					"$(inherited)",
				);
				GCC_WARN_64_TO_32_BIT_CONVERSION = YES;
				GCC_WARN_ABOUT_RETURN_TYPE = YES_ERROR;
				GCC_WARN_UNDECLARED_SELECTOR = YES;
				GCC_WARN_UNINITIALIZED_AUTOS = YES_AGGRESSIVE;
				GCC_WARN_UNUSED_FUNCTION = YES;
				GCC_WARN_UNUSED_VARIABLE = YES;
				IPHONEOS_DEPLOYMENT_TARGET = 9.0;
				MTL_ENABLE_DEBUG_INFO = YES;
				ONLY_ACTIVE_ARCH = YES;
				SDKROOT = iphoneos;
				SWIFT_ACTIVE_COMPILATION_CONDITIONS = DEBUG;
				SWIFT_OPTIMIZATION_LEVEL = "-Onone";
			};
			name = Debug;
		};
		C7EDA0E11E1C26C300E10A94 /* Release */ = {
			isa = XCBuildConfiguration;
			buildSettings = {
				ALWAYS_SEARCH_USER_PATHS = NO;
				CLANG_ANALYZER_NONNULL = YES;
				CLANG_CXX_LANGUAGE_STANDARD = "gnu++0x";
				CLANG_CXX_LIBRARY = "libc++";
				CLANG_ENABLE_MODULES = YES;
				CLANG_ENABLE_OBJC_ARC = YES;
				CLANG_WARN_BOOL_CONVERSION = YES;
				CLANG_WARN_CONSTANT_CONVERSION = YES;
				CLANG_WARN_DIRECT_OBJC_ISA_USAGE = YES_ERROR;
				CLANG_WARN_DOCUMENTATION_COMMENTS = YES;
				CLANG_WARN_EMPTY_BODY = YES;
				CLANG_WARN_ENUM_CONVERSION = YES;
				CLANG_WARN_INFINITE_RECURSION = YES;
				CLANG_WARN_INT_CONVERSION = YES;
				CLANG_WARN_OBJC_ROOT_CLASS = YES_ERROR;
				CLANG_WARN_SUSPICIOUS_MOVE = YES;
				CLANG_WARN_UNREACHABLE_CODE = YES;
				CLANG_WARN__DUPLICATE_METHOD_MATCH = YES;
				"CODE_SIGN_IDENTITY[sdk=iphoneos*]" = "iPhone Developer";
				COPY_PHASE_STRIP = NO;
				DEBUG_INFORMATION_FORMAT = "dwarf-with-dsym";
				ENABLE_NS_ASSERTIONS = NO;
				ENABLE_STRICT_OBJC_MSGSEND = YES;
				GCC_C_LANGUAGE_STANDARD = gnu99;
				GCC_NO_COMMON_BLOCKS = YES;
				GCC_WARN_64_TO_32_BIT_CONVERSION = YES;
				GCC_WARN_ABOUT_RETURN_TYPE = YES_ERROR;
				GCC_WARN_UNDECLARED_SELECTOR = YES;
				GCC_WARN_UNINITIALIZED_AUTOS = YES_AGGRESSIVE;
				GCC_WARN_UNUSED_FUNCTION = YES;
				GCC_WARN_UNUSED_VARIABLE = YES;
				IPHONEOS_DEPLOYMENT_TARGET = 9.0;
				MTL_ENABLE_DEBUG_INFO = NO;
				SDKROOT = iphoneos;
				SWIFT_OPTIMIZATION_LEVEL = "-Owholemodule";
				VALIDATE_PRODUCT = YES;
			};
			name = Release;
		};
		C7EDA0E31E1C26C300E10A94 /* Debug */ = {
			isa = XCBuildConfiguration;
			buildSettings = {
				ALWAYS_EMBED_SWIFT_STANDARD_LIBRARIES = YES;
				ASSETCATALOG_COMPILER_APPICON_NAME = AppIcon;
				DEVELOPMENT_TEAM = MX36A76L68;
				INFOPLIST_FILE = MountainViewExample/Info.plist;
				IPHONEOS_DEPLOYMENT_TARGET = 9.0;
				LD_RUNPATH_SEARCH_PATHS = "$(inherited) @executable_path/Frameworks";
				PRODUCT_BUNDLE_IDENTIFIER = com.kyoheiito.MountainViewExample;
				PRODUCT_NAME = "$(TARGET_NAME)";
				SWIFT_VERSION = 4.2;
			};
			name = Debug;
		};
		C7EDA0E41E1C26C300E10A94 /* Release */ = {
			isa = XCBuildConfiguration;
			buildSettings = {
				ALWAYS_EMBED_SWIFT_STANDARD_LIBRARIES = YES;
				ASSETCATALOG_COMPILER_APPICON_NAME = AppIcon;
				DEVELOPMENT_TEAM = MX36A76L68;
				INFOPLIST_FILE = MountainViewExample/Info.plist;
				IPHONEOS_DEPLOYMENT_TARGET = 9.0;
				LD_RUNPATH_SEARCH_PATHS = "$(inherited) @executable_path/Frameworks";
				PRODUCT_BUNDLE_IDENTIFIER = com.kyoheiito.MountainViewExample;
				PRODUCT_NAME = "$(TARGET_NAME)";
				SWIFT_VERSION = 4.2;
			};
			name = Release;
		};
/* End XCBuildConfiguration section */

/* Begin XCConfigurationList section */
		C7EDA0CB1E1C26C300E10A94 /* Build configuration list for PBXProject "MountainViewExample" */ = {
			isa = XCConfigurationList;
			buildConfigurations = (
				C7EDA0E01E1C26C300E10A94 /* Debug */,
				C7EDA0E11E1C26C300E10A94 /* Release */,
			);
			defaultConfigurationIsVisible = 0;
			defaultConfigurationName = Release;
		};
		C7EDA0E21E1C26C300E10A94 /* Build configuration list for PBXNativeTarget "MountainViewExample" */ = {
			isa = XCConfigurationList;
			buildConfigurations = (
				C7EDA0E31E1C26C300E10A94 /* Debug */,
				C7EDA0E41E1C26C300E10A94 /* Release */,
			);
			defaultConfigurationIsVisible = 0;
			defaultConfigurationName = Release;
		};
/* End XCConfigurationList section */
	};
	rootObject = C7EDA0C81E1C26C300E10A94 /* Project object */;
}
